
Microsoft Visual Studio Solution File, Format Version 12.00
# Visual Studio Version 16
VisualStudioVersion = 16.0.31911.196
MinimumVisualStudioVersion = 10.0.40219.1
Project("{FAE04EC0-301F-11D3-BF4B-00C04F79EFBC}") = "NewProject1", "NewProject1\NewProject1.csproj", "{0950CCFB-7E37-4C4F-9536-29EAA95B98E4}"
EndProject
Global
	GlobalSection(SolutionConfigurationPlatforms) = preSolution
		Debug|Any CPU = Debug|Any CPU
		Release|Any CPU = Release|Any CPU
	EndGlobalSection
	GlobalSection(ProjectConfigurationPlatforms) = postSolution
		{0950CCFB-7E37-4C4F-9536-29EAA95B98E4}.Debug|Any CPU.ActiveCfg = Debug|Any CPU
		{0950CCFB-7E37-4C4F-9536-29EAA95B98E4}.Debug|Any CPU.Build.0 = Debug|Any CPU
		{0950CCFB-7E37-4C4F-9536-29EAA95B98E4}.Release|Any CPU.ActiveCfg = Release|Any CPU
		{0950CCFB-7E37-4C4F-9536-29EAA95B98E4}.Release|Any CPU.Build.0 = Release|Any CPU
	EndGlobalSection
	GlobalSection(SolutionProperties) = preSolution
		HideSolutionNode = FALSE
	EndGlobalSection
	GlobalSection(ExtensibilityGlobals) = postSolution
		SolutionGuid = {1842D831-33ED-4404-9ED9-C248E8FC62C5}
	EndGlobalSection
EndGlobal
